{
    "name": "gl",
    "lockfileVersion": 3,
    "requires": true,
    "packages": {
        "": {
            "dependencies": {
                "@types/gl-matrix": "2.4.5"
            },
            "devDependencies": {
                "@types/webgl2": "^0.0.11",
                "webgl-strict-types": "^1.0.5"
            }
        },
        "node_modules/@types/gl-matrix": {
            "version": "2.4.5",
            "resolved": "https://registry.npmjs.org/@types/gl-matrix/-/gl-matrix-2.4.5.tgz",
            "integrity": "sha512-0L8Mq1+oaIW0oVzGUDbSW+HnTjCNb4CmoIQE5BkoHt/A7x20z0MJ1PnwfH3atty/vbWLGgvJwVu2Mz3SKFiEFw==",
            "license": "MIT"
        },
        "node_modules/@types/webgl2": {
            "version": "0.0.11",
            "resolved": "https://registry.npmjs.org/@types/webgl2/-/webgl2-0.0.11.tgz",
            "integrity": "sha512-LFa4je4lUbqDVRNeC2W1ZRM8dOgsGsm23MZO7m/EllCVg07yB65W3eUF4MAM+0LU9X6x/0NTrvXxAW0pmipNdw==",
            "dev": true,
            "license": "MIT"
        },
        "node_modules/webgl-strict-types": {
            "version": "1.0.5",
            "resolved": "https://registry.npmjs.org/webgl-strict-types/-/webgl-strict-types-1.0.5.tgz",
            "integrity": "sha512-i/DSt65qcmThkFvaZ/HmA1V5rZIPv4a6Wh0aK0NNo/axQwdA50w0jHI1HBXFQHKdVytJKidIWV5ouZwWogI4qw==",
            "dev": true,
            "license": "MIT"
        }
    }
}
